
Microsoft Visual Studio Solution File, Format Version 12.00
# Visual Studio Version 16
VisualStudioVersion = 16.0.31025.194
MinimumVisualStudioVersion = 10.0.40219.1
Project("{9A19103F-16F7-4668-BE54-9A1E7A4F7556}") = "ExerciceBanque", "ExerciceBanque\ExerciceBanque.csproj", "{6B60F64B-0012-425C-9D7F-FEFA90F424D6}"
EndProject
Project("{FAE04EC0-301F-11D3-BF4B-00C04F79EFBC}") = "InterfaceBanque", "InterfaceBanque\InterfaceBanque.csproj", "{EC700F95-EB93-41FC-9FBD-8CEA056B60B4}"
EndProject
Global
	GlobalSection(SolutionConfigurationPlatforms) = preSolution
		Debug|Any CPU = Debug|Any CPU
		Release|Any CPU = Release|Any CPU
	EndGlobalSection
	GlobalSection(ProjectConfigurationPlatforms) = postSolution
		{6B60F64B-0012-425C-9D7F-FEFA90F424D6}.Debug|Any CPU.ActiveCfg = Debug|Any CPU
		{6B60F64B-0012-425C-9D7F-FEFA90F424D6}.Debug|Any CPU.Build.0 = Debug|Any CPU
		{6B60F64B-0012-425C-9D7F-FEFA90F424D6}.Debug|Any CPU.Deploy.0 = Debug|Any CPU
		{6B60F64B-0012-425C-9D7F-FEFA90F424D6}.Release|Any CPU.ActiveCfg = Release|Any CPU
		{6B60F64B-0012-425C-9D7F-FEFA90F424D6}.Release|Any CPU.Build.0 = Release|Any CPU
		{6B60F64B-0012-425C-9D7F-FEFA90F424D6}.Release|Any CPU.Deploy.0 = Release|Any CPU
		{EC700F95-EB93-41FC-9FBD-8CEA056B60B4}.Debug|Any CPU.ActiveCfg = Debug|Any CPU
		{EC700F95-EB93-41FC-9FBD-8CEA056B60B4}.Debug|Any CPU.Build.0 = Debug|Any CPU
		{EC700F95-EB93-41FC-9FBD-8CEA056B60B4}.Release|Any CPU.ActiveCfg = Release|Any CPU
		{EC700F95-EB93-41FC-9FBD-8CEA056B60B4}.Release|Any CPU.Build.0 = Release|Any CPU
	EndGlobalSection
	GlobalSection(SolutionProperties) = preSolution
		HideSolutionNode = FALSE
	EndGlobalSection
	GlobalSection(ExtensibilityGlobals) = postSolution
		SolutionGuid = {5C22EAA9-DA83-481A-939C-A1F94D7A5E59}
	EndGlobalSection
EndGlobal
